<?xml version="1.0" encoding="utf-8"?>
<Project ToolsVersion="15.0" xmlns="http://schemas.microsoft.com/developer/msbuild/2003">
  <ItemGroup>
    <CustomBuild Include="D:\IdeaProjects\CmakeRealTutorial\Step4\CMakeFiles\96afcd86f839e23fc9f3baf1a5a8d9f1\generate.stamp.rule">
      <Filter>CMake Rules</Filter>
    </CustomBuild>
  </ItemGroup>
  <ItemGroup>
    <Filter Include="CMake Rules">
      <UniqueIdentifier>{9C083784-69BA-3EBE-BBAD-73A10099D9E5}</UniqueIdentifier>
    </Filter>
  </ItemGroup>
</Project>
